
Microsoft Visual Studio Solution File, Format Version 12.00
# Visual Studio Version 17
VisualStudioVersion = 17.1.32319.34
MinimumVisualStudioVersion = 10.0.40219.1
Project("{9A19103F-16F7-4668-BE54-9A1E7A4F7556}") = "TIDAL Now Playing", "TIDAL Now Playing\TIDAL Now Playing.csproj", "{4F7A4D41-9557-4936-BDDF-09FF05E151CD}"
EndProject
Global
	GlobalSection(SolutionConfigurationPlatforms) = preSolution
		Debug|Any CPU = Debug|Any CPU
		Release|Any CPU = Release|Any CPU
		Description = A simple tool for grabbing the currently playing song from TIDAL. Currently played tracks are written to text files allow users to display their music titles in their streams.
	EndGlobalSection
	GlobalSection(ProjectConfigurationPlatforms) = postSolution
		{4F7A4D41-9557-4936-BDDF-09FF05E151CD}.Debug|Any CPU.ActiveCfg = Release|Any CPU
		{4F7A4D41-9557-4936-BDDF-09FF05E151CD}.Debug|Any CPU.Build.0 = Release|Any CPU
		{4F7A4D41-9557-4936-BDDF-09FF05E151CD}.Release|Any CPU.ActiveCfg = Release|Any CPU
		{4F7A4D41-9557-4936-BDDF-09FF05E151CD}.Release|Any CPU.Build.0 = Release|Any CPU
	EndGlobalSection
	GlobalSection(SolutionProperties) = preSolution
		HideSolutionNode = FALSE
	EndGlobalSection
	GlobalSection(ExtensibilityGlobals) = postSolution
		SolutionGuid = {D2D4B0EA-2C18-4426-BCC0-2C74A84DC8D1}
	EndGlobalSection
EndGlobal
